<?xml version="1.0" encoding="utf-8"?>
<Project ToolsVersion="4.0" xmlns="http://schemas.microsoft.com/developer/msbuild/2003">
  <ItemGroup>
    <Filter Include="Source Files">
      <UniqueIdentifier>{4FC737F1-C7A5-4376-A066-2A32D752A2FF}</UniqueIdentifier>
      <Extensions>cpp;c;cc;cxx;c++;cppm;ixx;def;odl;idl;hpj;bat;asm;asmx</Extensions>
    </Filter>
    <Filter Include="Header Files">
      <UniqueIdentifier>{93995380-89BD-4b04-88EB-625FBE52EBFB}</UniqueIdentifier>
      <Extensions>h;hh;hpp;hxx;h++;hm;inl;inc;ipp;xsd</Extensions>
    </Filter>
    <Filter Include="Resource Files">
      <UniqueIdentifier>{67DA6AB6-F800-4c08-8B7A-83BB121AAD01}</UniqueIdentifier>
      <Extensions>rc;ico;cur;bmp;dlg;rc2;rct;bin;rgs;gif;jpg;jpeg;jpe;resx;tiff;tif;png;wav;mfcribbon-ms</Extensions>
    </Filter>
  </ItemGroup>
  <ItemGroup>
    <ClCompile Include="dllmain.cpp">
      <Filter>Source Files</Filter>
    </ClCompile>
    <ClCompile Include="dtypes\array.cpp">
      <Filter>Source Files</Filter>
    </ClCompile>
    <ClCompile Include="dtypes\basetypes.cpp">
      <Filter>Source Files</Filter>
    </ClCompile>
    <ClCompile Include="util\cdate.cpp">
      <Filter>Source Files</Filter>
    </ClCompile>
    <ClCompile Include="core_funcs.cpp">
      <Filter>Source Files</Filter>
    </ClCompile>
    <ClCompile Include="util\lexer.cpp">
      <Filter>Source Files</Filter>
    </ClCompile>
    <ClCompile Include="util\recentfiles.cpp">
      <Filter>Source Files</Filter>
    </ClCompile>
    <ClCompile Include="dtypes\datatable.cpp">
      <Filter>Source Files</Filter>
    </ClCompile>
    <ClCompile Include="eng\psychrometry.h">
      <Filter>Source Files</Filter>
    </ClCompile>
    <ClCompile Include="eng\psychrometry.cpp">
      <Filter>Source Files</Filter>
    </ClCompile>
    <ClCompile Include="math\geom\geomfuncs.cpp">
      <Filter>Source Files</Filter>
    </ClCompile>
    <ClCompile Include="math\geom\geomobj.cpp">
      <Filter>Source Files</Filter>
    </ClCompile>
    <ClCompile Include="math\geom\rect.cpp">
      <Filter>Source Files</Filter>
    </ClCompile>
    <ClCompile Include="math\numerics\fitting.cpp">
      <Filter>Source Files</Filter>
    </ClCompile>
    <ClCompile Include="math\numerics\integrate.cpp">
      <Filter>Source Files</Filter>
    </ClCompile>
    <ClCompile Include="math\numerics\optimize.cpp">
      <Filter>Source Files</Filter>
    </ClCompile>
    <ClCompile Include="math\numerics\roots.cpp">
      <Filter>Source Files</Filter>
    </ClCompile>
    <ClCompile Include="math\stats\dist.cpp">
      <Filter>Source Files</Filter>
    </ClCompile>
    <ClCompile Include="math\stats\histogram.cpp">
      <Filter>Source Files</Filter>
    </ClCompile>
    <ClCompile Include="math\stats\tests.cpp">
      <Filter>Source Files</Filter>
    </ClCompile>
    <ClCompile Include="dtypes\mathdtypes.cpp">
      <Filter>Source Files</Filter>
    </ClCompile>
    <ClCompile Include="pypkg\wrapperfuncs.cpp">
      <Filter>Source Files</Filter>
    </ClCompile>
    <ClCompile Include="eng\food\food.cpp">
      <Filter>Source Files</Filter>
    </ClCompile>
    <ClCompile Include="eng\food\food_props.cpp">
      <Filter>Source Files</Filter>
    </ClCompile>
    <ClCompile Include="pypkg\pkg_ctype.cpp">
      <Filter>Source Files</Filter>
    </ClCompile>
    <ClCompile Include="pypkg\pkg_ctype_stat.cpp">
      <Filter>Source Files</Filter>
    </ClCompile>
  </ItemGroup>
  <ItemGroup>
    <ClInclude Include="dllimpexp.h">
      <Filter>Header Files</Filter>
    </ClInclude>
    <ClInclude Include="resource.h">
      <Filter>Header Files</Filter>
    </ClInclude>
    <ClInclude Include="dtypes\basetypes.h">
      <Filter>Header Files</Filter>
    </ClInclude>
    <ClInclude Include="dtypes\array.h">
      <Filter>Header Files</Filter>
    </ClInclude>
    <ClInclude Include="util\cdate.h">
      <Filter>Header Files</Filter>
    </ClInclude>
    <ClInclude Include="util\exceptions.h">
      <Filter>Header Files</Filter>
    </ClInclude>
    <ClInclude Include="core_funcs.h">
      <Filter>Header Files</Filter>
    </ClInclude>
    <ClInclude Include="util\lexer.h">
      <Filter>Header Files</Filter>
    </ClInclude>
    <ClInclude Include="util\recentfiles.h">
      <Filter>Header Files</Filter>
    </ClInclude>
    <ClInclude Include="dtypes\datatable.h">
      <Filter>Header Files</Filter>
    </ClInclude>
    <ClInclude Include="math\geom\geomfuncs.h">
      <Filter>Header Files</Filter>
    </ClInclude>
    <ClInclude Include="math\geom\geomobj.h">
      <Filter>Header Files</Filter>
    </ClInclude>
    <ClInclude Include="math\geom\point.h">
      <Filter>Header Files</Filter>
    </ClInclude>
    <ClInclude Include="math\geom\rect.h">
      <Filter>Header Files</Filter>
    </ClInclude>
    <ClInclude Include="math\geom\size.h">
      <Filter>Header Files</Filter>
    </ClInclude>
    <ClInclude Include="math\geom\vector2d.h">
      <Filter>Header Files</Filter>
    </ClInclude>
    <ClInclude Include="math\numerics\fitting.h">
      <Filter>Header Files</Filter>
    </ClInclude>
    <ClInclude Include="math\numerics\integrate.h">
      <Filter>Header Files</Filter>
    </ClInclude>
    <ClInclude Include="math\numerics\optimize.h">
      <Filter>Header Files</Filter>
    </ClInclude>
    <ClInclude Include="math\numerics\roots.h">
      <Filter>Header Files</Filter>
    </ClInclude>
    <ClInclude Include="math\stats\dist.h">
      <Filter>Header Files</Filter>
    </ClInclude>
    <ClInclude Include="math\stats\histogram.h">
      <Filter>Header Files</Filter>
    </ClInclude>
    <ClInclude Include="math\stats\tests.h">
      <Filter>Header Files</Filter>
    </ClInclude>
    <ClInclude Include="dtypes\mathdtypes.h">
      <Filter>Header Files</Filter>
    </ClInclude>
    <ClInclude Include="pypkg\wrapperfuncs.h">
      <Filter>Header Files</Filter>
    </ClInclude>
    <ClInclude Include="eng\food\food.h">
      <Filter>Header Files</Filter>
    </ClInclude>
    <ClInclude Include="eng\food\food_props.h">
      <Filter>Header Files</Filter>
    </ClInclude>
    <ClInclude Include="pypkg\pkg_ctype.h">
      <Filter>Header Files</Filter>
    </ClInclude>
    <ClInclude Include="pypkg\pkg_ctype_stat.h">
      <Filter>Header Files</Filter>
    </ClInclude>
  </ItemGroup>
  <ItemGroup>
    <ResourceCompile Include="core.rc">
      <Filter>Resource Files</Filter>
    </ResourceCompile>
  </ItemGroup>
</Project>